
Microsoft Visual Studio Solution File, Format Version 11.00
# Visual Studio 2010
Project("{FAE04EC0-301F-11D3-BF4B-00C04F79EFBC}") = "VidCoder", "VidCoder\VidCoder.csproj", "{F912FA33-DC57-4272-915A-EEDB212BB860}"
EndProject
Project("{FAE04EC0-301F-11D3-BF4B-00C04F79EFBC}") = "VidCoderWorker", "VidCoderWorker\VidCoderWorker.csproj", "{63452895-7AA1-45EC-A0D8-3F30CCFA6D0D}"
EndProject
Global
	GlobalSection(SolutionConfigurationPlatforms) = preSolution
		Debug|x64 = Debug|x64
		Debug|x86 = Debug|x86
		Debug-Beta|x64 = Debug-Beta|x64
		Debug-Beta|x86 = Debug-Beta|x86
		Release|x64 = Release|x64
		Release|x86 = Release|x86
		Release-Beta|x64 = Release-Beta|x64
		Release-Beta|x86 = Release-Beta|x86
	EndGlobalSection
	GlobalSection(ProjectConfigurationPlatforms) = postSolution
		{F912FA33-DC57-4272-915A-EEDB212BB860}.Debug|x64.ActiveCfg = Debug|x64
		{F912FA33-DC57-4272-915A-EEDB212BB860}.Debug|x64.Build.0 = Debug|x64
		{F912FA33-DC57-4272-915A-EEDB212BB860}.Debug|x86.ActiveCfg = Debug|x86
		{F912FA33-DC57-4272-915A-EEDB212BB860}.Debug|x86.Build.0 = Debug|x86
		{F912FA33-DC57-4272-915A-EEDB212BB860}.Debug-Beta|x64.ActiveCfg = Debug-Beta|x64
		{F912FA33-DC57-4272-915A-EEDB212BB860}.Debug-Beta|x64.Build.0 = Debug-Beta|x64
		{F912FA33-DC57-4272-915A-EEDB212BB860}.Debug-Beta|x86.ActiveCfg = Debug-Beta|x86
		{F912FA33-DC57-4272-915A-EEDB212BB860}.Debug-Beta|x86.Build.0 = Debug-Beta|x86
		{F912FA33-DC57-4272-915A-EEDB212BB860}.Release|x64.ActiveCfg = Release|x64
		{F912FA33-DC57-4272-915A-EEDB212BB860}.Release|x64.Build.0 = Release|x64
		{F912FA33-DC57-4272-915A-EEDB212BB860}.Release|x86.ActiveCfg = Release|x86
		{F912FA33-DC57-4272-915A-EEDB212BB860}.Release|x86.Build.0 = Release|x86
		{F912FA33-DC57-4272-915A-EEDB212BB860}.Release-Beta|x64.ActiveCfg = Release-Beta|x64
		{F912FA33-DC57-4272-915A-EEDB212BB860}.Release-Beta|x64.Build.0 = Release-Beta|x64
		{F912FA33-DC57-4272-915A-EEDB212BB860}.Release-Beta|x86.ActiveCfg = Release-Beta|x86
		{F912FA33-DC57-4272-915A-EEDB212BB860}.Release-Beta|x86.Build.0 = Release-Beta|x86
		{63452895-7AA1-45EC-A0D8-3F30CCFA6D0D}.Debug|x64.ActiveCfg = Debug|x64
		{63452895-7AA1-45EC-A0D8-3F30CCFA6D0D}.Debug|x64.Build.0 = Debug|x64
		{63452895-7AA1-45EC-A0D8-3F30CCFA6D0D}.Debug|x86.ActiveCfg = Debug|x86
		{63452895-7AA1-45EC-A0D8-3F30CCFA6D0D}.Debug|x86.Build.0 = Debug|x86
		{63452895-7AA1-45EC-A0D8-3F30CCFA6D0D}.Debug-Beta|x64.ActiveCfg = Debug|x64
		{63452895-7AA1-45EC-A0D8-3F30CCFA6D0D}.Debug-Beta|x64.Build.0 = Debug|x64
		{63452895-7AA1-45EC-A0D8-3F30CCFA6D0D}.Debug-Beta|x86.ActiveCfg = Debug|x64
		{63452895-7AA1-45EC-A0D8-3F30CCFA6D0D}.Release|x64.ActiveCfg = Release|x64
		{63452895-7AA1-45EC-A0D8-3F30CCFA6D0D}.Release|x64.Build.0 = Release|x64
		{63452895-7AA1-45EC-A0D8-3F30CCFA6D0D}.Release|x86.ActiveCfg = Release|x86
		{63452895-7AA1-45EC-A0D8-3F30CCFA6D0D}.Release|x86.Build.0 = Release|x86
		{63452895-7AA1-45EC-A0D8-3F30CCFA6D0D}.Release-Beta|x64.ActiveCfg = Release|x64
		{63452895-7AA1-45EC-A0D8-3F30CCFA6D0D}.Release-Beta|x64.Build.0 = Release|x64
		{63452895-7AA1-45EC-A0D8-3F30CCFA6D0D}.Release-Beta|x86.ActiveCfg = Release|x64
	EndGlobalSection
	GlobalSection(SolutionProperties) = preSolution
		HideSolutionNode = FALSE
	EndGlobalSection
EndGlobal
